<Solution>
  <Project Path="TinyBench.Sdk.Analyzers/TinyBench.Sdk.Analyzers.csproj" />
  <Project Path="TinyBench.Sdk.Core/TinyBench.Sdk.Core.csproj" />
  <Project Path="TinyBench.Sdk.DemoDriver/TinyBench.Sdk.DemoDriver.csproj" />
  <Project Path="TinyBench.Sdk.Tools/TinyBench.Sdk.Tools.csproj" />
</Solution>
